
Microsoft Visual Studio Solution File, Format Version 12.00
# Visual Studio 2012
Project("{FAE04EC0-301F-11D3-BF4B-00C04F79EFBC}") = "Classical-Components-Demo.Droid", "Droid\Classical-Components-Demo.Droid.csproj", "{BDB6840C-830D-4AED-B34D-805EC563FF4B}"
EndProject
Project("{FAE04EC0-301F-11D3-BF4B-00C04F79EFBC}") = "Classical-Components-Demo.iOS", "iOS\Classical-Components-Demo.iOS.csproj", "{9795473E-7790-43E8-B91B-61B2B41F8463}"
EndProject
Global
	GlobalSection(SolutionConfigurationPlatforms) = preSolution
		Debug|Any CPU = Debug|Any CPU
		Release|Any CPU = Release|Any CPU
		Debug|iPhoneSimulator = Debug|iPhoneSimulator
		Release|iPhone = Release|iPhone
		Release|iPhoneSimulator = Release|iPhoneSimulator
		Debug|iPhone = Debug|iPhone
	EndGlobalSection
	GlobalSection(ProjectConfigurationPlatforms) = postSolution
		{BDB6840C-830D-4AED-B34D-805EC563FF4B}.Debug|Any CPU.ActiveCfg = Debug|Any CPU
		{BDB6840C-830D-4AED-B34D-805EC563FF4B}.Debug|Any CPU.Build.0 = Debug|Any CPU
		{BDB6840C-830D-4AED-B34D-805EC563FF4B}.Release|Any CPU.ActiveCfg = Release|Any CPU
		{BDB6840C-830D-4AED-B34D-805EC563FF4B}.Release|Any CPU.Build.0 = Release|Any CPU
		{BDB6840C-830D-4AED-B34D-805EC563FF4B}.Debug|iPhoneSimulator.ActiveCfg = Debug|Any CPU
		{BDB6840C-830D-4AED-B34D-805EC563FF4B}.Debug|iPhoneSimulator.Build.0 = Debug|Any CPU
		{BDB6840C-830D-4AED-B34D-805EC563FF4B}.Release|iPhone.ActiveCfg = Release|Any CPU
		{BDB6840C-830D-4AED-B34D-805EC563FF4B}.Release|iPhone.Build.0 = Release|Any CPU
		{BDB6840C-830D-4AED-B34D-805EC563FF4B}.Release|iPhoneSimulator.ActiveCfg = Release|Any CPU
		{BDB6840C-830D-4AED-B34D-805EC563FF4B}.Release|iPhoneSimulator.Build.0 = Release|Any CPU
		{BDB6840C-830D-4AED-B34D-805EC563FF4B}.Debug|iPhone.ActiveCfg = Debug|Any CPU
		{BDB6840C-830D-4AED-B34D-805EC563FF4B}.Debug|iPhone.Build.0 = Debug|Any CPU
		{9795473E-7790-43E8-B91B-61B2B41F8463}.Debug|Any CPU.ActiveCfg = Debug|iPhoneSimulator
		{9795473E-7790-43E8-B91B-61B2B41F8463}.Debug|Any CPU.Build.0 = Debug|iPhoneSimulator
		{9795473E-7790-43E8-B91B-61B2B41F8463}.Release|Any CPU.ActiveCfg = Release|iPhone
		{9795473E-7790-43E8-B91B-61B2B41F8463}.Release|Any CPU.Build.0 = Release|iPhone
		{9795473E-7790-43E8-B91B-61B2B41F8463}.Debug|iPhoneSimulator.ActiveCfg = Debug|iPhoneSimulator
		{9795473E-7790-43E8-B91B-61B2B41F8463}.Debug|iPhoneSimulator.Build.0 = Debug|iPhoneSimulator
		{9795473E-7790-43E8-B91B-61B2B41F8463}.Release|iPhone.ActiveCfg = Release|iPhone
		{9795473E-7790-43E8-B91B-61B2B41F8463}.Release|iPhone.Build.0 = Release|iPhone
		{9795473E-7790-43E8-B91B-61B2B41F8463}.Release|iPhoneSimulator.ActiveCfg = Release|iPhoneSimulator
		{9795473E-7790-43E8-B91B-61B2B41F8463}.Release|iPhoneSimulator.Build.0 = Release|iPhoneSimulator
		{9795473E-7790-43E8-B91B-61B2B41F8463}.Debug|iPhone.ActiveCfg = Debug|iPhone
		{9795473E-7790-43E8-B91B-61B2B41F8463}.Debug|iPhone.Build.0 = Debug|iPhone
	EndGlobalSection
	GlobalSection(MonoDevelopProperties) = preSolution
		Policies = $0
		$0.TextStylePolicy = $1
		$1.FileWidth = 80
		$1.TabsToSpaces = True
		$1.scope = text/x-csharp
		$0.CSharpFormattingPolicy = $2
		$2.scope = text/x-csharp
	EndGlobalSection
EndGlobal
