
Microsoft Visual Studio Solution File, Format Version 12.00
# Visual Studio 15
Project("{D954291E-2A0B-460D-934E-DC6B0785DB48}") = "Ready-To-Use-UI-Demo", "Ready-To-Use-UI-Demo\Ready-To-Use-UI-Demo.shproj", "{40DA1777-9C2A-4020-977D-EAA3AFD4F9E7}"
EndProject
Project("{FAE04EC0-301F-11D3-BF4B-00C04F79EFBC}") = "Ready-To-Use-UI-Demo.Droid", "Droid\Ready-To-Use-UI-Demo.Droid.csproj", "{B0C8CCB2-7AC6-4914-8AB9-4A97C37DFB1A}"
EndProject
Project("{FAE04EC0-301F-11D3-BF4B-00C04F79EFBC}") = "Ready-To-Use-UI-Demo.iOS", "iOS\Ready-To-Use-UI-Demo.iOS.csproj", "{6AA1608C-577A-41B0-935C-2D286EB204F1}"
EndProject
Global
	GlobalSection(SolutionConfigurationPlatforms) = preSolution
		Debug|Any CPU = Debug|Any CPU
		Release|Any CPU = Release|Any CPU
		Debug|iPhoneSimulator = Debug|iPhoneSimulator
		Release|iPhone = Release|iPhone
		Release|iPhoneSimulator = Release|iPhoneSimulator
		Debug|iPhone = Debug|iPhone
	EndGlobalSection
	GlobalSection(ProjectConfigurationPlatforms) = postSolution
		{B0C8CCB2-7AC6-4914-8AB9-4A97C37DFB1A}.Debug|Any CPU.ActiveCfg = Debug|Any CPU
		{B0C8CCB2-7AC6-4914-8AB9-4A97C37DFB1A}.Debug|Any CPU.Build.0 = Debug|Any CPU
		{B0C8CCB2-7AC6-4914-8AB9-4A97C37DFB1A}.Release|Any CPU.ActiveCfg = Release|Any CPU
		{B0C8CCB2-7AC6-4914-8AB9-4A97C37DFB1A}.Release|Any CPU.Build.0 = Release|Any CPU
		{B0C8CCB2-7AC6-4914-8AB9-4A97C37DFB1A}.Debug|iPhoneSimulator.ActiveCfg = Debug|Any CPU
		{B0C8CCB2-7AC6-4914-8AB9-4A97C37DFB1A}.Debug|iPhoneSimulator.Build.0 = Debug|Any CPU
		{B0C8CCB2-7AC6-4914-8AB9-4A97C37DFB1A}.Release|iPhone.ActiveCfg = Release|Any CPU
		{B0C8CCB2-7AC6-4914-8AB9-4A97C37DFB1A}.Release|iPhone.Build.0 = Release|Any CPU
		{B0C8CCB2-7AC6-4914-8AB9-4A97C37DFB1A}.Release|iPhoneSimulator.ActiveCfg = Release|Any CPU
		{B0C8CCB2-7AC6-4914-8AB9-4A97C37DFB1A}.Release|iPhoneSimulator.Build.0 = Release|Any CPU
		{B0C8CCB2-7AC6-4914-8AB9-4A97C37DFB1A}.Debug|iPhone.ActiveCfg = Debug|Any CPU
		{B0C8CCB2-7AC6-4914-8AB9-4A97C37DFB1A}.Debug|iPhone.Build.0 = Debug|Any CPU
		{6AA1608C-577A-41B0-935C-2D286EB204F1}.Debug|Any CPU.ActiveCfg = Debug|iPhoneSimulator
		{6AA1608C-577A-41B0-935C-2D286EB204F1}.Debug|Any CPU.Build.0 = Debug|iPhoneSimulator
		{6AA1608C-577A-41B0-935C-2D286EB204F1}.Release|Any CPU.ActiveCfg = Release|iPhone
		{6AA1608C-577A-41B0-935C-2D286EB204F1}.Release|Any CPU.Build.0 = Release|iPhone
		{6AA1608C-577A-41B0-935C-2D286EB204F1}.Debug|iPhoneSimulator.ActiveCfg = Debug|iPhoneSimulator
		{6AA1608C-577A-41B0-935C-2D286EB204F1}.Debug|iPhoneSimulator.Build.0 = Debug|iPhoneSimulator
		{6AA1608C-577A-41B0-935C-2D286EB204F1}.Release|iPhone.ActiveCfg = Release|iPhone
		{6AA1608C-577A-41B0-935C-2D286EB204F1}.Release|iPhone.Build.0 = Release|iPhone
		{6AA1608C-577A-41B0-935C-2D286EB204F1}.Release|iPhoneSimulator.ActiveCfg = Release|iPhoneSimulator
		{6AA1608C-577A-41B0-935C-2D286EB204F1}.Release|iPhoneSimulator.Build.0 = Release|iPhoneSimulator
		{6AA1608C-577A-41B0-935C-2D286EB204F1}.Debug|iPhone.ActiveCfg = Debug|iPhone
		{6AA1608C-577A-41B0-935C-2D286EB204F1}.Debug|iPhone.Build.0 = Debug|iPhone
	EndGlobalSection
EndGlobal
